
Microsoft Visual Studio Solution File, Format Version 12.00
# Visual Studio 15
VisualStudioVersion = 15.0.27130.2036
MinimumVisualStudioVersion = 10.0.40219.1
Project("{2150E333-8FDC-42A3-9474-1A3956D46DE8}") = "src", "src", "{F7A40E3B-CF98-4988-BA93-45C5FAD0FCE3}"
EndProject
Project("{2150E333-8FDC-42A3-9474-1A3956D46DE8}") = "_document", "_document", "{811B2255-3209-493D-A790-6BF6468B29F4}"
EndProject
Project("{2150E333-8FDC-42A3-9474-1A3956D46DE8}") = "Application", "Application", "{CE08BA30-817E-4BD7-8261-B2C57BA0CB06}"
EndProject
Project("{2150E333-8FDC-42A3-9474-1A3956D46DE8}") = "Dal", "Dal", "{C8CC9807-C95F-4A04-B7F2-FB31E2D54E2D}"
EndProject
Project("{2150E333-8FDC-42A3-9474-1A3956D46DE8}") = "Service", "Service", "{6CAB4803-8CB4-42CA-853D-2FACED4413EB}"
EndProject
Project("{2150E333-8FDC-42A3-9474-1A3956D46DE8}") = "Common", "Common", "{3B981DEC-F5F7-4A30-B7D0-4B6D5C27A2C6}"
EndProject
Project("{2150E333-8FDC-42A3-9474-1A3956D46DE8}") = "Infrastructure", "Infrastructure", "{6AC2A3B1-20F3-4B26-B68A-B0856F93CDDD}"
EndProject
Project("{FAE04EC0-301F-11D3-BF4B-00C04F79EFBC}") = "ASample.Serialize", "src\Infrastructure\ASample.Serialize\ASample.Serialize.csproj", "{1051C7A4-3EC2-4723-ACFC-77BDDDDB7A53}"
EndProject
Project("{FAE04EC0-301F-11D3-BF4B-00C04F79EFBC}") = "ASample.Configuration", "src\Infrastructure\ASample.Configuration\ASample.Configuration.csproj", "{90D8BA01-9B78-4CDB-975E-ADAA09ADFD51}"
EndProject
Project("{FAE04EC0-301F-11D3-BF4B-00C04F79EFBC}") = "ASmaple.Domain", "src\Infrastructure\ASmaple.Domain\ASmaple.Domain.csproj", "{C0008393-2149-420A-8BA1-304C07E14F8B}"
EndProject
Project("{FAE04EC0-301F-11D3-BF4B-00C04F79EFBC}") = "ASample.EntityFramework", "src\Infrastructure\ASample.EntityFramework\ASample.EntityFramework.csproj", "{A4D60581-4E2E-4FDE-84D4-374B1BE84A8D}"
EndProject
Project("{FAE04EC0-301F-11D3-BF4B-00C04F79EFBC}") = "ASample.BookShop.WebSite", "src\Application\ASample.BookShop.WebSite\ASample.BookShop.WebSite.csproj", "{FD1B2A7C-C839-4B5E-B5C3-F0E3165B59DB}"
EndProject
Project("{FAE04EC0-301F-11D3-BF4B-00C04F79EFBC}") = "ASample.BookShop.Dal", "src\Dal\ASample.BookShop.Dal\ASample.BookShop.Dal.csproj", "{DD791C7C-7CE4-45D9-8A96-019C444F4EE3}"
EndProject
Project("{FAE04EC0-301F-11D3-BF4B-00C04F79EFBC}") = "ASample.BookShop.Service", "src\Service\ASample.BookShop.Service\ASample.BookShop.Service.csproj", "{95BDC38A-2F28-480A-9AF1-0F131D3B45FE}"
EndProject
Project("{FAE04EC0-301F-11D3-BF4B-00C04F79EFBC}") = "ASample.BookShop.Dal.Impl", "src\Dal\ASample.BookShop.Dal.Impl\ASample.BookShop.Dal.Impl.csproj", "{7901CCEB-3603-4EE7-A663-672D9AD080E0}"
EndProject
Project("{FAE04EC0-301F-11D3-BF4B-00C04F79EFBC}") = "ASample.BookShop.Service.Impl", "src\Service\ASample.BookShop.Service.Impl\ASample.BookShop.Service.Impl.csproj", "{FFCF9816-3A7A-47FD-BA47-0B2E7979FB66}"
EndProject
Project("{2150E333-8FDC-42A3-9474-1A3956D46DE8}") = "test", "test", "{89975DF9-9AC8-44E2-A858-C13765AACCF8}"
EndProject
Project("{FAE04EC0-301F-11D3-BF4B-00C04F79EFBC}") = "ASample.BookShop.Service.Test", "test\ASample.BookShop.Service.Test\ASample.BookShop.Service.Test.csproj", "{E58D88EB-EB4F-4B42-BD59-C3B5AB57F1C2}"
EndProject
Project("{2150E333-8FDC-42A3-9474-1A3956D46DE8}") = "Model", "Model", "{2B321C69-3772-4C16-B602-C8469524558F}"
EndProject
Project("{FAE04EC0-301F-11D3-BF4B-00C04F79EFBC}") = "ASample.BookShop.Model", "src\Model\ASample.BookShop.Model\ASample.BookShop.Model.csproj", "{27364A76-1208-4F36-ACDB-7F8A5EBBE934}"
EndProject
Global
	GlobalSection(SolutionConfigurationPlatforms) = preSolution
		Debug|Any CPU = Debug|Any CPU
		Release|Any CPU = Release|Any CPU
	EndGlobalSection
	GlobalSection(ProjectConfigurationPlatforms) = postSolution
		{1051C7A4-3EC2-4723-ACFC-77BDDDDB7A53}.Debug|Any CPU.ActiveCfg = Debug|Any CPU
		{1051C7A4-3EC2-4723-ACFC-77BDDDDB7A53}.Debug|Any CPU.Build.0 = Debug|Any CPU
		{1051C7A4-3EC2-4723-ACFC-77BDDDDB7A53}.Release|Any CPU.ActiveCfg = Release|Any CPU
		{1051C7A4-3EC2-4723-ACFC-77BDDDDB7A53}.Release|Any CPU.Build.0 = Release|Any CPU
		{90D8BA01-9B78-4CDB-975E-ADAA09ADFD51}.Debug|Any CPU.ActiveCfg = Debug|Any CPU
		{90D8BA01-9B78-4CDB-975E-ADAA09ADFD51}.Debug|Any CPU.Build.0 = Debug|Any CPU
		{90D8BA01-9B78-4CDB-975E-ADAA09ADFD51}.Release|Any CPU.ActiveCfg = Release|Any CPU
		{90D8BA01-9B78-4CDB-975E-ADAA09ADFD51}.Release|Any CPU.Build.0 = Release|Any CPU
		{C0008393-2149-420A-8BA1-304C07E14F8B}.Debug|Any CPU.ActiveCfg = Debug|Any CPU
		{C0008393-2149-420A-8BA1-304C07E14F8B}.Debug|Any CPU.Build.0 = Debug|Any CPU
		{C0008393-2149-420A-8BA1-304C07E14F8B}.Release|Any CPU.ActiveCfg = Release|Any CPU
		{C0008393-2149-420A-8BA1-304C07E14F8B}.Release|Any CPU.Build.0 = Release|Any CPU
		{A4D60581-4E2E-4FDE-84D4-374B1BE84A8D}.Debug|Any CPU.ActiveCfg = Debug|Any CPU
		{A4D60581-4E2E-4FDE-84D4-374B1BE84A8D}.Debug|Any CPU.Build.0 = Debug|Any CPU
		{A4D60581-4E2E-4FDE-84D4-374B1BE84A8D}.Release|Any CPU.ActiveCfg = Release|Any CPU
		{A4D60581-4E2E-4FDE-84D4-374B1BE84A8D}.Release|Any CPU.Build.0 = Release|Any CPU
		{FD1B2A7C-C839-4B5E-B5C3-F0E3165B59DB}.Debug|Any CPU.ActiveCfg = Debug|Any CPU
		{FD1B2A7C-C839-4B5E-B5C3-F0E3165B59DB}.Debug|Any CPU.Build.0 = Debug|Any CPU
		{FD1B2A7C-C839-4B5E-B5C3-F0E3165B59DB}.Release|Any CPU.ActiveCfg = Release|Any CPU
		{FD1B2A7C-C839-4B5E-B5C3-F0E3165B59DB}.Release|Any CPU.Build.0 = Release|Any CPU
		{DD791C7C-7CE4-45D9-8A96-019C444F4EE3}.Debug|Any CPU.ActiveCfg = Debug|Any CPU
		{DD791C7C-7CE4-45D9-8A96-019C444F4EE3}.Debug|Any CPU.Build.0 = Debug|Any CPU
		{DD791C7C-7CE4-45D9-8A96-019C444F4EE3}.Release|Any CPU.ActiveCfg = Release|Any CPU
		{DD791C7C-7CE4-45D9-8A96-019C444F4EE3}.Release|Any CPU.Build.0 = Release|Any CPU
		{95BDC38A-2F28-480A-9AF1-0F131D3B45FE}.Debug|Any CPU.ActiveCfg = Debug|Any CPU
		{95BDC38A-2F28-480A-9AF1-0F131D3B45FE}.Debug|Any CPU.Build.0 = Debug|Any CPU
		{95BDC38A-2F28-480A-9AF1-0F131D3B45FE}.Release|Any CPU.ActiveCfg = Release|Any CPU
		{95BDC38A-2F28-480A-9AF1-0F131D3B45FE}.Release|Any CPU.Build.0 = Release|Any CPU
		{7901CCEB-3603-4EE7-A663-672D9AD080E0}.Debug|Any CPU.ActiveCfg = Debug|Any CPU
		{7901CCEB-3603-4EE7-A663-672D9AD080E0}.Debug|Any CPU.Build.0 = Debug|Any CPU
		{7901CCEB-3603-4EE7-A663-672D9AD080E0}.Release|Any CPU.ActiveCfg = Release|Any CPU
		{7901CCEB-3603-4EE7-A663-672D9AD080E0}.Release|Any CPU.Build.0 = Release|Any CPU
		{FFCF9816-3A7A-47FD-BA47-0B2E7979FB66}.Debug|Any CPU.ActiveCfg = Debug|Any CPU
		{FFCF9816-3A7A-47FD-BA47-0B2E7979FB66}.Debug|Any CPU.Build.0 = Debug|Any CPU
		{FFCF9816-3A7A-47FD-BA47-0B2E7979FB66}.Release|Any CPU.ActiveCfg = Release|Any CPU
		{FFCF9816-3A7A-47FD-BA47-0B2E7979FB66}.Release|Any CPU.Build.0 = Release|Any CPU
		{E58D88EB-EB4F-4B42-BD59-C3B5AB57F1C2}.Debug|Any CPU.ActiveCfg = Debug|Any CPU
		{E58D88EB-EB4F-4B42-BD59-C3B5AB57F1C2}.Debug|Any CPU.Build.0 = Debug|Any CPU
		{E58D88EB-EB4F-4B42-BD59-C3B5AB57F1C2}.Release|Any CPU.ActiveCfg = Release|Any CPU
		{E58D88EB-EB4F-4B42-BD59-C3B5AB57F1C2}.Release|Any CPU.Build.0 = Release|Any CPU
		{27364A76-1208-4F36-ACDB-7F8A5EBBE934}.Debug|Any CPU.ActiveCfg = Debug|Any CPU
		{27364A76-1208-4F36-ACDB-7F8A5EBBE934}.Debug|Any CPU.Build.0 = Debug|Any CPU
		{27364A76-1208-4F36-ACDB-7F8A5EBBE934}.Release|Any CPU.ActiveCfg = Release|Any CPU
		{27364A76-1208-4F36-ACDB-7F8A5EBBE934}.Release|Any CPU.Build.0 = Release|Any CPU
	EndGlobalSection
	GlobalSection(SolutionProperties) = preSolution
		HideSolutionNode = FALSE
	EndGlobalSection
	GlobalSection(NestedProjects) = preSolution
		{CE08BA30-817E-4BD7-8261-B2C57BA0CB06} = {F7A40E3B-CF98-4988-BA93-45C5FAD0FCE3}
		{C8CC9807-C95F-4A04-B7F2-FB31E2D54E2D} = {F7A40E3B-CF98-4988-BA93-45C5FAD0FCE3}
		{6CAB4803-8CB4-42CA-853D-2FACED4413EB} = {F7A40E3B-CF98-4988-BA93-45C5FAD0FCE3}
		{3B981DEC-F5F7-4A30-B7D0-4B6D5C27A2C6} = {F7A40E3B-CF98-4988-BA93-45C5FAD0FCE3}
		{6AC2A3B1-20F3-4B26-B68A-B0856F93CDDD} = {F7A40E3B-CF98-4988-BA93-45C5FAD0FCE3}
		{1051C7A4-3EC2-4723-ACFC-77BDDDDB7A53} = {6AC2A3B1-20F3-4B26-B68A-B0856F93CDDD}
		{90D8BA01-9B78-4CDB-975E-ADAA09ADFD51} = {6AC2A3B1-20F3-4B26-B68A-B0856F93CDDD}
		{C0008393-2149-420A-8BA1-304C07E14F8B} = {6AC2A3B1-20F3-4B26-B68A-B0856F93CDDD}
		{A4D60581-4E2E-4FDE-84D4-374B1BE84A8D} = {6AC2A3B1-20F3-4B26-B68A-B0856F93CDDD}
		{FD1B2A7C-C839-4B5E-B5C3-F0E3165B59DB} = {CE08BA30-817E-4BD7-8261-B2C57BA0CB06}
		{DD791C7C-7CE4-45D9-8A96-019C444F4EE3} = {C8CC9807-C95F-4A04-B7F2-FB31E2D54E2D}
		{95BDC38A-2F28-480A-9AF1-0F131D3B45FE} = {6CAB4803-8CB4-42CA-853D-2FACED4413EB}
		{7901CCEB-3603-4EE7-A663-672D9AD080E0} = {C8CC9807-C95F-4A04-B7F2-FB31E2D54E2D}
		{FFCF9816-3A7A-47FD-BA47-0B2E7979FB66} = {6CAB4803-8CB4-42CA-853D-2FACED4413EB}
		{E58D88EB-EB4F-4B42-BD59-C3B5AB57F1C2} = {89975DF9-9AC8-44E2-A858-C13765AACCF8}
		{2B321C69-3772-4C16-B602-C8469524558F} = {F7A40E3B-CF98-4988-BA93-45C5FAD0FCE3}
		{27364A76-1208-4F36-ACDB-7F8A5EBBE934} = {2B321C69-3772-4C16-B602-C8469524558F}
	EndGlobalSection
	GlobalSection(ExtensibilityGlobals) = postSolution
		SolutionGuid = {4D4A0F56-60FF-4B79-B8BA-BC798D8DE24A}
	EndGlobalSection
EndGlobal
